// !$*UTF8*$!
{
	archiveVersion = 1;
	classes = {
	};
	objectVersion = 77;
	objects = {

/* Begin PBXBuildFile section */
		291FC4852FFAE23A0082EE83 /* Localizable.xcstrings in Resources */ = {isa = PBXBuildFile; fileRef = 291FC4832FFAE23A0082EE83 /* Localizable.xcstrings */; };
		291FC4862FFAE23A0082EE83 /* Assets.xcassets in Resources */ = {isa = PBXBuildFile; fileRef = 291FC47F2FFAE23A0082EE83 /* Assets.xcassets */; };
		291FC4872FFAE23A0082EE83 /* GuessTheFlagApp.swift in Sources */ = {isa = PBXBuildFile; fileRef = 291FC4822FFAE23A0082EE83 /* GuessTheFlagApp.swift */; };
		291FC4882FFAE23A0082EE83 /* CountryCodes.swift in Sources */ = {isa = PBXBuildFile; fileRef = 291FC4812FFAE23A0082EE83 /* CountryCodes.swift */; };
		291FC4892FFAE23A0082EE83 /* ContentView.swift in Sources */ = {isa = PBXBuildFile; fileRef = 291FC4802FFAE23A0082EE83 /* ContentView.swift */; };
		291FC48A2FFAE23A0082EE83 /* GuessTheFlagApp.swift in Sources */ = {isa = PBXBuildFile; fileRef = 291FC4822FFAE23A0082EE83 /* GuessTheFlagApp.swift */; };
		291FC48B2FFAE23A0082EE83 /* CountryCodes.swift in Sources */ = {isa = PBXBuildFile; fileRef = 291FC4812FFAE23A0082EE83 /* CountryCodes.swift */; };
		291FC48C2FFAE23A0082EE83 /* ContentView.swift in Sources */ = {isa = PBXBuildFile; fileRef = 291FC4802FFAE23A0082EE83 /* ContentView.swift */; };
		291FC48D2FFAE23A0082EE83 /* Localizable.xcstrings in Resources */ = {isa = PBXBuildFile; fileRef = 291FC4832FFAE23A0082EE83 /* Localizable.xcstrings */; };
		291FC48E2FFAE23A0082EE83 /* Assets.xcassets in Resources */ = {isa = PBXBuildFile; fileRef = 291FC47F2FFAE23A0082EE83 /* Assets.xcassets */; };
		291FC48F2FFAE23A0082EE83 /* GuessTheFlagApp.swift in Sources */ = {isa = PBXBuildFile; fileRef = 291FC4822FFAE23A0082EE83 /* GuessTheFlagApp.swift */; };
		291FC4902FFAE23A0082EE83 /* CountryCodes.swift in Sources */ = {isa = PBXBuildFile; fileRef = 291FC4812FFAE23A0082EE83 /* CountryCodes.swift */; };
		291FC4912FFAE23A0082EE83 /* ContentView.swift in Sources */ = {isa = PBXBuildFile; fileRef = 291FC4802FFAE23A0082EE83 /* ContentView.swift */; };
		291FC4922FFAE23A0082EE83 /* Localizable.xcstrings in Resources */ = {isa = PBXBuildFile; fileRef = 291FC4832FFAE23A0082EE83 /* Localizable.xcstrings */; };
		291FC4932FFAE23A0082EE83 /* Assets.xcassets in Resources */ = {isa = PBXBuildFile; fileRef = 291FC47F2FFAE23A0082EE83 /* Assets.xcassets */; };
		291FC4972FFAE2520082EE83 /* GuessTheFlagUITestsLaunchTests.swift in Sources */ = {isa = PBXBuildFile; fileRef = 291FC4952FFAE2520082EE83 /* GuessTheFlagUITestsLaunchTests.swift */; };
		291FC4982FFAE2520082EE83 /* GuessTheFlagUITests.swift in Sources */ = {isa = PBXBuildFile; fileRef = 291FC4942FFAE2520082EE83 /* GuessTheFlagUITests.swift */; };
		291FC49B2FFAE2600082EE83 /* GuessTheFlagTests.swift in Sources */ = {isa = PBXBuildFile; fileRef = 291FC4992FFAE2600082EE83 /* GuessTheFlagTests.swift */; };
/* End PBXBuildFile section */

/* Begin PBXContainerItemProxy section */
		29019B4C2FF10C7A002B4239 /* PBXContainerItemProxy */ = {
			isa = PBXContainerItemProxy;
			containerPortal = 29019B362FF10C78002B4239 /* Project object */;
			proxyType = 1;
			remoteGlobalIDString = 29019B3D2FF10C78002B4239;
			remoteInfo = GuessTheFlag;
		};
		29019B562FF10C7A002B4239 /* PBXContainerItemProxy */ = {
			isa = PBXContainerItemProxy;
			containerPortal = 29019B362FF10C78002B4239 /* Project object */;
			proxyType = 1;
			remoteGlobalIDString = 29019B3D2FF10C78002B4239;
			remoteInfo = GuessTheFlag;
		};
/* End PBXContainerItemProxy section */

/* Begin PBXFileReference section */
		29019B3E2FF10C78002B4239 /* FlaggIt!.app */ = {isa = PBXFileReference; explicitFileType = wrapper.application; includeInIndex = 0; path = "FlaggIt!.app"; sourceTree = BUILT_PRODUCTS_DIR; };
		29019B4B2FF10C7A002B4239 /* FlaggIt!Tests.xctest */ = {isa = PBXFileReference; explicitFileType = wrapper.cfbundle; includeInIndex = 0; path = "FlaggIt!Tests.xctest"; sourceTree = BUILT_PRODUCTS_DIR; };
		29019B552FF10C7A002B4239 /* FlaggIt!UITests.xctest */ = {isa = PBXFileReference; explicitFileType = wrapper.cfbundle; includeInIndex = 0; path = "FlaggIt!UITests.xctest"; sourceTree = BUILT_PRODUCTS_DIR; };
		291FC47F2FFAE23A0082EE83 /* Assets.xcassets */ = {isa = PBXFileReference; lastKnownFileType = folder.assetcatalog; path = Assets.xcassets; sourceTree = "<group>"; };
		291FC4802FFAE23A0082EE83 /* ContentView.swift */ = {isa = PBXFileReference; lastKnownFileType = sourcecode.swift; path = ContentView.swift; sourceTree = "<group>"; };
		291FC4812FFAE23A0082EE83 /* CountryCodes.swift */ = {isa = PBXFileReference; lastKnownFileType = sourcecode.swift; path = CountryCodes.swift; sourceTree = "<group>"; };
		291FC4822FFAE23A0082EE83 /* GuessTheFlagApp.swift */ = {isa = PBXFileReference; lastKnownFileType = sourcecode.swift; path = GuessTheFlagApp.swift; sourceTree = "<group>"; };
		291FC4832FFAE23A0082EE83 /* Localizable.xcstrings */ = {isa = PBXFileReference; lastKnownFileType = text.json.xcstrings; path = Localizable.xcstrings; sourceTree = "<group>"; };
		291FC4942FFAE2520082EE83 /* GuessTheFlagUITests.swift */ = {isa = PBXFileReference; lastKnownFileType = sourcecode.swift; path = GuessTheFlagUITests.swift; sourceTree = "<group>"; };
		291FC4952FFAE2520082EE83 /* GuessTheFlagUITestsLaunchTests.swift */ = {isa = PBXFileReference; lastKnownFileType = sourcecode.swift; path = GuessTheFlagUITestsLaunchTests.swift; sourceTree = "<group>"; };
		291FC4992FFAE2600082EE83 /* GuessTheFlagTests.swift */ = {isa = PBXFileReference; lastKnownFileType = sourcecode.swift; path = GuessTheFlagTests.swift; sourceTree = "<group>"; };
/* End PBXFileReference section */

/* Begin PBXFrameworksBuildPhase section */
		29019B3B2FF10C78002B4239 /* Frameworks */ = {
			isa = PBXFrameworksBuildPhase;
			buildActionMask = 2147483647;
			files = (
			);
			runOnlyForDeploymentPostprocessing = 0;
		};
		29019B482FF10C7A002B4239 /* Frameworks */ = {
			isa = PBXFrameworksBuildPhase;
			buildActionMask = 2147483647;
			files = (
			);
			runOnlyForDeploymentPostprocessing = 0;
		};
		29019B522FF10C7A002B4239 /* Frameworks */ = {
			isa = PBXFrameworksBuildPhase;
			buildActionMask = 2147483647;
			files = (
			);
			runOnlyForDeploymentPostprocessing = 0;
		};
/* End PBXFrameworksBuildPhase section */

/* Begin PBXGroup section */
		29019B352FF10C78002B4239 = {
			isa = PBXGroup;
			children = (
				291FC49A2FFAE2600082EE83 /* FlaggIt!Tests */,
				291FC4962FFAE2520082EE83 /* FlaggIt!UITests */,
				291FC4842FFAE23A0082EE83 /* FlaggIt! */,
				29019B3F2FF10C78002B4239 /* Products */,
			);
			sourceTree = "<group>";
		};
		29019B3F2FF10C78002B4239 /* Products */ = {
			isa = PBXGroup;
			children = (
				29019B3E2FF10C78002B4239 /* FlaggIt!.app */,
				29019B4B2FF10C7A002B4239 /* FlaggIt!Tests.xctest */,
				29019B552FF10C7A002B4239 /* FlaggIt!UITests.xctest */,
			);
			name = Products;
			sourceTree = "<group>";
		};
		291FC4842FFAE23A0082EE83 /* FlaggIt! */ = {
			isa = PBXGroup;
			children = (
				291FC47F2FFAE23A0082EE83 /* Assets.xcassets */,
				291FC4802FFAE23A0082EE83 /* ContentView.swift */,
				291FC4812FFAE23A0082EE83 /* CountryCodes.swift */,
				291FC4822FFAE23A0082EE83 /* GuessTheFlagApp.swift */,
				291FC4832FFAE23A0082EE83 /* Localizable.xcstrings */,
			);
			path = "FlaggIt!";
			sourceTree = "<group>";
		};
		291FC4962FFAE2520082EE83 /* FlaggIt!UITests */ = {
			isa = PBXGroup;
			children = (
				291FC4942FFAE2520082EE83 /* GuessTheFlagUITests.swift */,
				291FC4952FFAE2520082EE83 /* GuessTheFlagUITestsLaunchTests.swift */,
			);
			path = "FlaggIt!UITests";
			sourceTree = "<group>";
		};
		291FC49A2FFAE2600082EE83 /* FlaggIt!Tests */ = {
			isa = PBXGroup;
			children = (
				291FC4992FFAE2600082EE83 /* GuessTheFlagTests.swift */,
			);
			path = "FlaggIt!Tests";
			sourceTree = "<group>";
		};
/* End PBXGroup section */

/* Begin PBXNativeTarget section */
		29019B3D2FF10C78002B4239 /* FlaggIt! */ = {
			isa = PBXNativeTarget;
			buildConfigurationList = 29019B5F2FF10C7A002B4239 /* Build configuration list for PBXNativeTarget "FlaggIt!" */;
			buildPhases = (
				29019B3A2FF10C78002B4239 /* Sources */,
				29019B3B2FF10C78002B4239 /* Frameworks */,
				29019B3C2FF10C78002B4239 /* Resources */,
			);
			buildRules = (
			);
			dependencies = (
			);
			name = "FlaggIt!";
			packageProductDependencies = (
			);
			productName = GuessTheFlag;
			productReference = 29019B3E2FF10C78002B4239 /* FlaggIt!.app */;
			productType = "com.apple.product-type.application";
		};
		29019B4A2FF10C7A002B4239 /* FlaggIt!Tests */ = {
			isa = PBXNativeTarget;
			buildConfigurationList = 29019B622FF10C7A002B4239 /* Build configuration list for PBXNativeTarget "FlaggIt!Tests" */;
			buildPhases = (
				29019B472FF10C7A002B4239 /* Sources */,
				29019B482FF10C7A002B4239 /* Frameworks */,
				29019B492FF10C7A002B4239 /* Resources */,
			);
			buildRules = (
			);
			dependencies = (
				29019B4D2FF10C7A002B4239 /* PBXTargetDependency */,
			);
			name = "FlaggIt!Tests";
			packageProductDependencies = (
			);
			productName = GuessTheFlagTests;
			productReference = 29019B4B2FF10C7A002B4239 /* FlaggIt!Tests.xctest */;
			productType = "com.apple.product-type.bundle.unit-test";
		};
		29019B542FF10C7A002B4239 /* FlaggIt!UITests */ = {
			isa = PBXNativeTarget;
			buildConfigurationList = 29019B652FF10C7A002B4239 /* Build configuration list for PBXNativeTarget "FlaggIt!UITests" */;
			buildPhases = (
				29019B512FF10C7A002B4239 /* Sources */,
				29019B522FF10C7A002B4239 /* Frameworks */,
				29019B532FF10C7A002B4239 /* Resources */,
			);
			buildRules = (
			);
			dependencies = (
				29019B572FF10C7A002B4239 /* PBXTargetDependency */,
			);
			name = "FlaggIt!UITests";
			packageProductDependencies = (
			);
			productName = GuessTheFlagUITests;
			productReference = 29019B552FF10C7A002B4239 /* FlaggIt!UITests.xctest */;
			productType = "com.apple.product-type.bundle.ui-testing";
		};
/* End PBXNativeTarget section */

/* Begin PBXProject section */
		29019B362FF10C78002B4239 /* Project object */ = {
			isa = PBXProject;
			attributes = {
				BuildIndependentTargetsInParallel = 1;
				LastSwiftUpdateCheck = 2650;
				LastUpgradeCheck = 2650;
				TargetAttributes = {
					29019B3D2FF10C78002B4239 = {
						CreatedOnToolsVersion = 26.5;
					};
					29019B4A2FF10C7A002B4239 = {
						CreatedOnToolsVersion = 26.5;
						TestTargetID = 29019B3D2FF10C78002B4239;
					};
					29019B542FF10C7A002B4239 = {
						CreatedOnToolsVersion = 26.5;
						TestTargetID = 29019B3D2FF10C78002B4239;
					};
				};
			};
			buildConfigurationList = 29019B392FF10C78002B4239 /* Build configuration list for PBXProject "FlaggIt!" */;
			developmentRegion = de;
			hasScannedForEncodings = 0;
			knownRegions = (
				en,
				Base,
				de,
			);
			mainGroup = 29019B352FF10C78002B4239;
			minimizedProjectReferenceProxies = 1;
			preferredProjectObjectVersion = 77;
			productRefGroup = 29019B3F2FF10C78002B4239 /* Products */;
			projectDirPath = "";
			projectRoot = "";
			targets = (
				29019B3D2FF10C78002B4239 /* FlaggIt! */,
				29019B4A2FF10C7A002B4239 /* FlaggIt!Tests */,
				29019B542FF10C7A002B4239 /* FlaggIt!UITests */,
			);
		};
/* End PBXProject section */

/* Begin PBXResourcesBuildPhase section */
		29019B3C2FF10C78002B4239 /* Resources */ = {
			isa = PBXResourcesBuildPhase;
			buildActionMask = 2147483647;
			files = (
				291FC4922FFAE23A0082EE83 /* Localizable.xcstrings in Resources */,
				291FC4932FFAE23A0082EE83 /* Assets.xcassets in Resources */,
			);
			runOnlyForDeploymentPostprocessing = 0;
		};
		29019B492FF10C7A002B4239 /* Resources */ = {
			isa = PBXResourcesBuildPhase;
			buildActionMask = 2147483647;
			files = (
				291FC48D2FFAE23A0082EE83 /* Localizable.xcstrings in Resources */,
				291FC48E2FFAE23A0082EE83 /* Assets.xcassets in Resources */,
			);
			runOnlyForDeploymentPostprocessing = 0;
		};
		29019B532FF10C7A002B4239 /* Resources */ = {
			isa = PBXResourcesBuildPhase;
			buildActionMask = 2147483647;
			files = (
				291FC4852FFAE23A0082EE83 /* Localizable.xcstrings in Resources */,
				291FC4862FFAE23A0082EE83 /* Assets.xcassets in Resources */,
			);
			runOnlyForDeploymentPostprocessing = 0;
		};
/* End PBXResourcesBuildPhase section */

/* Begin PBXSourcesBuildPhase section */
		29019B3A2FF10C78002B4239 /* Sources */ = {
			isa = PBXSourcesBuildPhase;
			buildActionMask = 2147483647;
			files = (
				291FC48F2FFAE23A0082EE83 /* GuessTheFlagApp.swift in Sources */,
				291FC4902FFAE23A0082EE83 /* CountryCodes.swift in Sources */,
				291FC4912FFAE23A0082EE83 /* ContentView.swift in Sources */,
			);
			runOnlyForDeploymentPostprocessing = 0;
		};
		29019B472FF10C7A002B4239 /* Sources */ = {
			isa = PBXSourcesBuildPhase;
			buildActionMask = 2147483647;
			files = (
				291FC48A2FFAE23A0082EE83 /* GuessTheFlagApp.swift in Sources */,
				291FC48B2FFAE23A0082EE83 /* CountryCodes.swift in Sources */,
				291FC48C2FFAE23A0082EE83 /* ContentView.swift in Sources */,
				291FC49B2FFAE2600082EE83 /* GuessTheFlagTests.swift in Sources */,
			);
			runOnlyForDeploymentPostprocessing = 0;
		};
		29019B512FF10C7A002B4239 /* Sources */ = {
			isa = PBXSourcesBuildPhase;
			buildActionMask = 2147483647;
			files = (
				291FC4872FFAE23A0082EE83 /* GuessTheFlagApp.swift in Sources */,
				291FC4882FFAE23A0082EE83 /* CountryCodes.swift in Sources */,
				291FC4892FFAE23A0082EE83 /* ContentView.swift in Sources */,
				291FC4972FFAE2520082EE83 /* GuessTheFlagUITestsLaunchTests.swift in Sources */,
				291FC4982FFAE2520082EE83 /* GuessTheFlagUITests.swift in Sources */,
			);
			runOnlyForDeploymentPostprocessing = 0;
		};
/* End PBXSourcesBuildPhase section */

/* Begin PBXTargetDependency section */
		29019B4D2FF10C7A002B4239 /* PBXTargetDependency */ = {
			isa = PBXTargetDependency;
			target = 29019B3D2FF10C78002B4239 /* FlaggIt! */;
			targetProxy = 29019B4C2FF10C7A002B4239 /* PBXContainerItemProxy */;
		};
		29019B572FF10C7A002B4239 /* PBXTargetDependency */ = {
			isa = PBXTargetDependency;
			target = 29019B3D2FF10C78002B4239 /* FlaggIt! */;
			targetProxy = 29019B562FF10C7A002B4239 /* PBXContainerItemProxy */;
		};
/* End PBXTargetDependency section */

/* Begin XCBuildConfiguration section */
		29019B5D2FF10C7A002B4239 /* Debug */ = {
			isa = XCBuildConfiguration;
			buildSettings = {
				ALWAYS_SEARCH_USER_PATHS = NO;
				ASSETCATALOG_COMPILER_GENERATE_SWIFT_ASSET_SYMBOL_EXTENSIONS = YES;
				CLANG_ANALYZER_NONNULL = YES;
				CLANG_ANALYZER_NUMBER_OBJECT_CONVERSION = YES_AGGRESSIVE;
				CLANG_CXX_LANGUAGE_STANDARD = "gnu++20";
				CLANG_ENABLE_MODULES = YES;
				CLANG_ENABLE_OBJC_ARC = YES;
				CLANG_ENABLE_OBJC_WEAK = YES;
				CLANG_WARN_BLOCK_CAPTURE_AUTORELEASING = YES;
				CLANG_WARN_BOOL_CONVERSION = YES;
				CLANG_WARN_COMMA = YES;
				CLANG_WARN_CONSTANT_CONVERSION = YES;
				CLANG_WARN_DEPRECATED_OBJC_IMPLEMENTATIONS = YES;
				CLANG_WARN_DIRECT_OBJC_ISA_USAGE = YES_ERROR;
				CLANG_WARN_DOCUMENTATION_COMMENTS = YES;
				CLANG_WARN_EMPTY_BODY = YES;
				CLANG_WARN_ENUM_CONVERSION = YES;
				CLANG_WARN_INFINITE_RECURSION = YES;
				CLANG_WARN_INT_CONVERSION = YES;
				CLANG_WARN_NON_LITERAL_NULL_CONVERSION = YES;
				CLANG_WARN_OBJC_IMPLICIT_RETAIN_SELF = YES;
				CLANG_WARN_OBJC_LITERAL_CONVERSION = YES;
				CLANG_WARN_OBJC_ROOT_CLASS = YES_ERROR;
				CLANG_WARN_QUOTED_INCLUDE_IN_FRAMEWORK_HEADER = YES;
				CLANG_WARN_RANGE_LOOP_ANALYSIS = YES;
				CLANG_WARN_STRICT_PROTOTYPES = YES;
				CLANG_WARN_SUSPICIOUS_MOVE = YES;
				CLANG_WARN_UNGUARDED_AVAILABILITY = YES_AGGRESSIVE;
				CLANG_WARN_UNREACHABLE_CODE = YES;
				CLANG_WARN__DUPLICATE_METHOD_MATCH = YES;
				COPY_PHASE_STRIP = NO;
				DEBUG_INFORMATION_FORMAT = dwarf;
				DEVELOPMENT_TEAM = G62J5V9DX9;
				ENABLE_STRICT_OBJC_MSGSEND = YES;
				ENABLE_TESTABILITY = YES;
				ENABLE_USER_SCRIPT_SANDBOXING = YES;
				GCC_C_LANGUAGE_STANDARD = gnu17;
				GCC_DYNAMIC_NO_PIC = NO;
				GCC_NO_COMMON_BLOCKS = YES;
				GCC_OPTIMIZATION_LEVEL = 0;
				GCC_PREPROCESSOR_DEFINITIONS = (
					"DEBUG=1",
					"$(inherited)",
				);
				GCC_WARN_64_TO_32_BIT_CONVERSION = YES;
				GCC_WARN_ABOUT_RETURN_TYPE = YES_ERROR;
				GCC_WARN_UNDECLARED_SELECTOR = YES;
				GCC_WARN_UNINITIALIZED_AUTOS = YES_AGGRESSIVE;
				GCC_WARN_UNUSED_FUNCTION = YES;
				GCC_WARN_UNUSED_VARIABLE = YES;
				IPHONEOS_DEPLOYMENT_TARGET = 26.5;
				LOCALIZATION_PREFERS_STRING_CATALOGS = YES;
				MTL_ENABLE_DEBUG_INFO = INCLUDE_SOURCE;
				MTL_FAST_MATH = YES;
				ONLY_ACTIVE_ARCH = YES;
				SDKROOT = iphoneos;
				SWIFT_ACTIVE_COMPILATION_CONDITIONS = "DEBUG $(inherited)";
				SWIFT_EMIT_LOC_STRINGS = YES;
				SWIFT_OPTIMIZATION_LEVEL = "-Onone";
			};
			name = Debug;
		};
		29019B5E2FF10C7A002B4239 /* Release */ = {
			isa = XCBuildConfiguration;
			buildSettings = {
				ALWAYS_SEARCH_USER_PATHS = NO;
				ASSETCATALOG_COMPILER_GENERATE_SWIFT_ASSET_SYMBOL_EXTENSIONS = YES;
				CLANG_ANALYZER_NONNULL = YES;
				CLANG_ANALYZER_NUMBER_OBJECT_CONVERSION = YES_AGGRESSIVE;
				CLANG_CXX_LANGUAGE_STANDARD = "gnu++20";
				CLANG_ENABLE_MODULES = YES;
				CLANG_ENABLE_OBJC_ARC = YES;
				CLANG_ENABLE_OBJC_WEAK = YES;
				CLANG_WARN_BLOCK_CAPTURE_AUTORELEASING = YES;
				CLANG_WARN_BOOL_CONVERSION = YES;
				CLANG_WARN_COMMA = YES;
				CLANG_WARN_CONSTANT_CONVERSION = YES;
				CLANG_WARN_DEPRECATED_OBJC_IMPLEMENTATIONS = YES;
				CLANG_WARN_DIRECT_OBJC_ISA_USAGE = YES_ERROR;
				CLANG_WARN_DOCUMENTATION_COMMENTS = YES;
				CLANG_WARN_EMPTY_BODY = YES;
				CLANG_WARN_ENUM_CONVERSION = YES;
				CLANG_WARN_INFINITE_RECURSION = YES;
				CLANG_WARN_INT_CONVERSION = YES;
				CLANG_WARN_NON_LITERAL_NULL_CONVERSION = YES;
				CLANG_WARN_OBJC_IMPLICIT_RETAIN_SELF = YES;
				CLANG_WARN_OBJC_LITERAL_CONVERSION = YES;
				CLANG_WARN_OBJC_ROOT_CLASS = YES_ERROR;
				CLANG_WARN_QUOTED_INCLUDE_IN_FRAMEWORK_HEADER = YES;
				CLANG_WARN_RANGE_LOOP_ANALYSIS = YES;
				CLANG_WARN_STRICT_PROTOTYPES = YES;
				CLANG_WARN_SUSPICIOUS_MOVE = YES;
				CLANG_WARN_UNGUARDED_AVAILABILITY = YES_AGGRESSIVE;
				CLANG_WARN_UNREACHABLE_CODE = YES;
				CLANG_WARN__DUPLICATE_METHOD_MATCH = YES;
				COPY_PHASE_STRIP = NO;
				DEBUG_INFORMATION_FORMAT = "dwarf-with-dsym";
				DEVELOPMENT_TEAM = G62J5V9DX9;
				ENABLE_NS_ASSERTIONS = NO;
				ENABLE_STRICT_OBJC_MSGSEND = YES;
				ENABLE_USER_SCRIPT_SANDBOXING = YES;
				GCC_C_LANGUAGE_STANDARD = gnu17;
				GCC_NO_COMMON_BLOCKS = YES;
				GCC_WARN_64_TO_32_BIT_CONVERSION = YES;
				GCC_WARN_ABOUT_RETURN_TYPE = YES_ERROR;
				GCC_WARN_UNDECLARED_SELECTOR = YES;
				GCC_WARN_UNINITIALIZED_AUTOS = YES_AGGRESSIVE;
				GCC_WARN_UNUSED_FUNCTION = YES;
				GCC_WARN_UNUSED_VARIABLE = YES;
				IPHONEOS_DEPLOYMENT_TARGET = 26.5;
				LOCALIZATION_PREFERS_STRING_CATALOGS = YES;
				MTL_ENABLE_DEBUG_INFO = NO;
				MTL_FAST_MATH = YES;
				SDKROOT = iphoneos;
				SWIFT_COMPILATION_MODE = wholemodule;
				SWIFT_EMIT_LOC_STRINGS = YES;
				VALIDATE_PRODUCT = YES;
			};
			name = Release;
		};
		29019B602FF10C7A002B4239 /* Debug */ = {
			isa = XCBuildConfiguration;
			buildSettings = {
				ASSETCATALOG_COMPILER_APPICON_NAME = AppIcon;
				ASSETCATALOG_COMPILER_GLOBAL_ACCENT_COLOR_NAME = AccentColor;
				CODE_SIGN_STYLE = Automatic;
				CURRENT_PROJECT_VERSION = 1;
				DEVELOPMENT_TEAM = G62J5V9DX9;
				ENABLE_PREVIEWS = YES;
				GENERATE_INFOPLIST_FILE = YES;
				INFOPLIST_KEY_LSApplicationCategoryType = "public.app-category.educational-games";
				INFOPLIST_KEY_UIApplicationSceneManifest_Generation = YES;
				INFOPLIST_KEY_UIApplicationSupportsIndirectInputEvents = YES;
				INFOPLIST_KEY_UILaunchScreen_Generation = YES;
				INFOPLIST_KEY_UISupportedInterfaceOrientations_iPad = "UIInterfaceOrientationPortrait UIInterfaceOrientationPortraitUpsideDown UIInterfaceOrientationLandscapeLeft UIInterfaceOrientationLandscapeRight";
				INFOPLIST_KEY_UISupportedInterfaceOrientations_iPhone = "UIInterfaceOrientationPortrait UIInterfaceOrientationLandscapeLeft UIInterfaceOrientationLandscapeRight";
				LD_RUNPATH_SEARCH_PATHS = (
					"$(inherited)",
					"@executable_path/Frameworks",
				);
				MARKETING_VERSION = 1.0;
				PRODUCT_BUNDLE_IDENTIFIER = de.marius.FlaggIt;
				PRODUCT_NAME = "$(TARGET_NAME)";
				STRING_CATALOG_GENERATE_SYMBOLS = YES;
				SWIFT_APPROACHABLE_CONCURRENCY = YES;
				SWIFT_DEFAULT_ACTOR_ISOLATION = MainActor;
				SWIFT_EMIT_LOC_STRINGS = YES;
				SWIFT_UPCOMING_FEATURE_MEMBER_IMPORT_VISIBILITY = YES;
				SWIFT_VERSION = 5.0;
				TARGETED_DEVICE_FAMILY = "1,2";
			};
			name = Debug;
		};
		29019B612FF10C7A002B4239 /* Release */ = {
			isa = XCBuildConfiguration;
			buildSettings = {
				ASSETCATALOG_COMPILER_APPICON_NAME = AppIcon;
				ASSETCATALOG_COMPILER_GLOBAL_ACCENT_COLOR_NAME = AccentColor;
				CODE_SIGN_STYLE = Automatic;
				CURRENT_PROJECT_VERSION = 1;
				DEVELOPMENT_TEAM = G62J5V9DX9;
				ENABLE_PREVIEWS = YES;
				GENERATE_INFOPLIST_FILE = YES;
				INFOPLIST_KEY_LSApplicationCategoryType = "public.app-category.educational-games";
				INFOPLIST_KEY_UIApplicationSceneManifest_Generation = YES;
				INFOPLIST_KEY_UIApplicationSupportsIndirectInputEvents = YES;
				INFOPLIST_KEY_UILaunchScreen_Generation = YES;
				INFOPLIST_KEY_UISupportedInterfaceOrientations_iPad = "UIInterfaceOrientationPortrait UIInterfaceOrientationPortraitUpsideDown UIInterfaceOrientationLandscapeLeft UIInterfaceOrientationLandscapeRight";
				INFOPLIST_KEY_UISupportedInterfaceOrientations_iPhone = "UIInterfaceOrientationPortrait UIInterfaceOrientationLandscapeLeft UIInterfaceOrientationLandscapeRight";
				LD_RUNPATH_SEARCH_PATHS = (
					"$(inherited)",
					"@executable_path/Frameworks",
				);
				MARKETING_VERSION = 1.0;
				PRODUCT_BUNDLE_IDENTIFIER = de.marius.FlaggIt;
				PRODUCT_NAME = "$(TARGET_NAME)";
				STRING_CATALOG_GENERATE_SYMBOLS = YES;
				SWIFT_APPROACHABLE_CONCURRENCY = YES;
				SWIFT_DEFAULT_ACTOR_ISOLATION = MainActor;
				SWIFT_EMIT_LOC_STRINGS = YES;
				SWIFT_UPCOMING_FEATURE_MEMBER_IMPORT_VISIBILITY = YES;
				SWIFT_VERSION = 5.0;
				TARGETED_DEVICE_FAMILY = "1,2";
			};
			name = Release;
		};
		29019B632FF10C7A002B4239 /* Debug */ = {
			isa = XCBuildConfiguration;
			buildSettings = {
				BUNDLE_LOADER = "$(TEST_HOST)";
				CODE_SIGN_STYLE = Automatic;
				CURRENT_PROJECT_VERSION = 1;
				DEVELOPMENT_TEAM = G62J5V9DX9;
				GENERATE_INFOPLIST_FILE = YES;
				IPHONEOS_DEPLOYMENT_TARGET = 26.5;
				MARKETING_VERSION = 1.0;
				PRODUCT_BUNDLE_IDENTIFIER = de.marius.GuessTheFlagTests;
				PRODUCT_NAME = "$(TARGET_NAME)";
				STRING_CATALOG_GENERATE_SYMBOLS = NO;
				SWIFT_APPROACHABLE_CONCURRENCY = YES;
				SWIFT_EMIT_LOC_STRINGS = NO;
				SWIFT_UPCOMING_FEATURE_MEMBER_IMPORT_VISIBILITY = YES;
				SWIFT_VERSION = 5.0;
				TARGETED_DEVICE_FAMILY = "1,2";
				TEST_HOST = "$(BUILT_PRODUCTS_DIR)/FlaggIt!.app/$(BUNDLE_EXECUTABLE_FOLDER_PATH)/FlaggIt!";
			};
			name = Debug;
		};
		29019B642FF10C7A002B4239 /* Release */ = {
			isa = XCBuildConfiguration;
			buildSettings = {
				BUNDLE_LOADER = "$(TEST_HOST)";
				CODE_SIGN_STYLE = Automatic;
				CURRENT_PROJECT_VERSION = 1;
				DEVELOPMENT_TEAM = G62J5V9DX9;
				GENERATE_INFOPLIST_FILE = YES;
				IPHONEOS_DEPLOYMENT_TARGET = 26.5;
				MARKETING_VERSION = 1.0;
				PRODUCT_BUNDLE_IDENTIFIER = de.marius.GuessTheFlagTests;
				PRODUCT_NAME = "$(TARGET_NAME)";
				STRING_CATALOG_GENERATE_SYMBOLS = NO;
				SWIFT_APPROACHABLE_CONCURRENCY = YES;
				SWIFT_EMIT_LOC_STRINGS = NO;
				SWIFT_UPCOMING_FEATURE_MEMBER_IMPORT_VISIBILITY = YES;
				SWIFT_VERSION = 5.0;
				TARGETED_DEVICE_FAMILY = "1,2";
				TEST_HOST = "$(BUILT_PRODUCTS_DIR)/FlaggIt!.app/$(BUNDLE_EXECUTABLE_FOLDER_PATH)/FlaggIt!";
			};
			name = Release;
		};
		29019B662FF10C7A002B4239 /* Debug */ = {
			isa = XCBuildConfiguration;
			buildSettings = {
				CODE_SIGN_STYLE = Automatic;
				CURRENT_PROJECT_VERSION = 1;
				DEVELOPMENT_TEAM = G62J5V9DX9;
				GENERATE_INFOPLIST_FILE = YES;
				MARKETING_VERSION = 1.0;
				PRODUCT_BUNDLE_IDENTIFIER = de.marius.GuessTheFlagUITests;
				PRODUCT_NAME = "$(TARGET_NAME)";
				STRING_CATALOG_GENERATE_SYMBOLS = NO;
				SWIFT_APPROACHABLE_CONCURRENCY = YES;
				SWIFT_EMIT_LOC_STRINGS = NO;
				SWIFT_UPCOMING_FEATURE_MEMBER_IMPORT_VISIBILITY = YES;
				SWIFT_VERSION = 5.0;
				TARGETED_DEVICE_FAMILY = "1,2";
				TEST_TARGET_NAME = GuessTheFlag;
			};
			name = Debug;
		};
		29019B672FF10C7A002B4239 /* Release */ = {
			isa = XCBuildConfiguration;
			buildSettings = {
				CODE_SIGN_STYLE = Automatic;
				CURRENT_PROJECT_VERSION = 1;
				DEVELOPMENT_TEAM = G62J5V9DX9;
				GENERATE_INFOPLIST_FILE = YES;
				MARKETING_VERSION = 1.0;
				PRODUCT_BUNDLE_IDENTIFIER = de.marius.GuessTheFlagUITests;
				PRODUCT_NAME = "$(TARGET_NAME)";
				STRING_CATALOG_GENERATE_SYMBOLS = NO;
				SWIFT_APPROACHABLE_CONCURRENCY = YES;
				SWIFT_EMIT_LOC_STRINGS = NO;
				SWIFT_UPCOMING_FEATURE_MEMBER_IMPORT_VISIBILITY = YES;
				SWIFT_VERSION = 5.0;
				TARGETED_DEVICE_FAMILY = "1,2";
				TEST_TARGET_NAME = GuessTheFlag;
			};
			name = Release;
		};
/* End XCBuildConfiguration section */

/* Begin XCConfigurationList section */
		29019B392FF10C78002B4239 /* Build configuration list for PBXProject "FlaggIt!" */ = {
			isa = XCConfigurationList;
			buildConfigurations = (
				29019B5D2FF10C7A002B4239 /* Debug */,
				29019B5E2FF10C7A002B4239 /* Release */,
			);
			defaultConfigurationIsVisible = 0;
			defaultConfigurationName = Release;
		};
		29019B5F2FF10C7A002B4239 /* Build configuration list for PBXNativeTarget "FlaggIt!" */ = {
			isa = XCConfigurationList;
			buildConfigurations = (
				29019B602FF10C7A002B4239 /* Debug */,
				29019B612FF10C7A002B4239 /* Release */,
			);
			defaultConfigurationIsVisible = 0;
			defaultConfigurationName = Release;
		};
		29019B622FF10C7A002B4239 /* Build configuration list for PBXNativeTarget "FlaggIt!Tests" */ = {
			isa = XCConfigurationList;
			buildConfigurations = (
				29019B632FF10C7A002B4239 /* Debug */,
				29019B642FF10C7A002B4239 /* Release */,
			);
			defaultConfigurationIsVisible = 0;
			defaultConfigurationName = Release;
		};
		29019B652FF10C7A002B4239 /* Build configuration list for PBXNativeTarget "FlaggIt!UITests" */ = {
			isa = XCConfigurationList;
			buildConfigurations = (
				29019B662FF10C7A002B4239 /* Debug */,
				29019B672FF10C7A002B4239 /* Release */,
			);
			defaultConfigurationIsVisible = 0;
			defaultConfigurationName = Release;
		};
/* End XCConfigurationList section */
	};
	rootObject = 29019B362FF10C78002B4239 /* Project object */;
}
